// !$*UTF8*$!
{
	archiveVersion = 1;
	classes = {
	};
	objectVersion = 48;
	objects = {

/* Begin PBXBuildFile section */
		F83735A92002CFF100A3F24E /* Alert.swift in Sources */ = {isa = PBXBuildFile; fileRef = F83735A82002CFF100A3F24E /* Alert.swift */; };
		F864250120188EC1005AEA54 /* Default-568h@2x.png in Resources */ = {isa = PBXBuildFile; fileRef = F864250020188EC1005AEA54 /* Default-568h@2x.png */; };
		F870EC3C1F3280DB00D36C89 /* AppDelegate.swift in Sources */ = {isa = PBXBuildFile; fileRef = F870EC3B1F3280DB00D36C89 /* AppDelegate.swift */; };
		F870EC3E1F3280DB00D36C89 /* ClockViewController.swift in Sources */ = {isa = PBXBuildFile; fileRef = F870EC3D1F3280DB00D36C89 /* ClockViewController.swift */; };
		F870EC411F3280DB00D36C89 /* Main.storyboard in Resources */ = {isa = PBXBuildFile; fileRef = F870EC3F1F3280DB00D36C89 /* Main.storyboard */; };
		F870EC431F3280DB00D36C89 /* Assets.xcassets in Resources */ = {isa = PBXBuildFile; fileRef = F870EC421F3280DB00D36C89 /* Assets.xcassets */; };
		F870EC621F32D57F00D36C89 /* ClockView.swift in Sources */ = {isa = PBXBuildFile; fileRef = F870EC611F32D57F00D36C89 /* ClockView.swift */; };
		F870EC641F33E23A00D36C89 /* StyleKit_Clock.swift in Sources */ = {isa = PBXBuildFile; fileRef = F870EC631F33E23A00D36C89 /* StyleKit_Clock.swift */; };
		F87C8FC5200474440052A58F /* DateHelper.swift in Sources */ = {isa = PBXBuildFile; fileRef = F87C8FC4200474440052A58F /* DateHelper.swift */; };
		F896216220084C1900CB830E /* StateDiagram.swift in Sources */ = {isa = PBXBuildFile; fileRef = F896216120084C1900CB830E /* StateDiagram.swift */; };
		F896216420084C5900CB830E /* StyleKit_ConsensusGraph.swift in Sources */ = {isa = PBXBuildFile; fileRef = F896216320084C5900CB830E /* StyleKit_ConsensusGraph.swift */; };
		F8A33E42205F1501005184CE /* Tests.swift in Sources */ = {isa = PBXBuildFile; fileRef = F8A33E41205F1501005184CE /* Tests.swift */; };
		F8B574DE20024A82006EFDDB /* Launch Screen.storyboard in Resources */ = {isa = PBXBuildFile; fileRef = F8B574DC20024A82006EFDDB /* Launch Screen.storyboard */; };
/* End PBXBuildFile section */

/* Begin PBXContainerItemProxy section */
		F8A33E44205F1501005184CE /* PBXContainerItemProxy */ = {
			isa = PBXContainerItemProxy;
			containerPortal = F870EC301F3280DB00D36C89 /* Project object */;
			proxyType = 1;
			remoteGlobalIDString = F870EC371F3280DB00D36C89;
			remoteInfo = clock5;
		};
/* End PBXContainerItemProxy section */

/* Begin PBXFileReference section */
		F828BB7F2016B41400C9DF86 /* Screen Shot - iPhone X - 2018-01-22 at 15.15.15.png */ = {isa = PBXFileReference; lastKnownFileType = image.png; path = "Screen Shot - iPhone X - 2018-01-22 at 15.15.15.png"; sourceTree = SOURCE_ROOT; };
		F828BB812016B43100C9DF86 /* README.md */ = {isa = PBXFileReference; fileEncoding = 4; lastKnownFileType = net.daringfireball.markdown; path = README.md; sourceTree = SOURCE_ROOT; };
		F83735A82002CFF100A3F24E /* Alert.swift */ = {isa = PBXFileReference; lastKnownFileType = sourcecode.swift; path = Alert.swift; sourceTree = "<group>"; };
		F864250020188EC1005AEA54 /* Default-568h@2x.png */ = {isa = PBXFileReference; lastKnownFileType = image.png; path = "Default-568h@2x.png"; sourceTree = "<group>"; };
		F870EC381F3280DB00D36C89 /* clock5.app */ = {isa = PBXFileReference; explicitFileType = wrapper.application; includeInIndex = 0; path = clock5.app; sourceTree = BUILT_PRODUCTS_DIR; };
		F870EC3B1F3280DB00D36C89 /* AppDelegate.swift */ = {isa = PBXFileReference; lastKnownFileType = sourcecode.swift; path = AppDelegate.swift; sourceTree = "<group>"; };
		F870EC3D1F3280DB00D36C89 /* ClockViewController.swift */ = {isa = PBXFileReference; lastKnownFileType = sourcecode.swift; path = ClockViewController.swift; sourceTree = "<group>"; };
		F870EC401F3280DB00D36C89 /* Base */ = {isa = PBXFileReference; lastKnownFileType = file.storyboard; name = Base; path = Base.lproj/Main.storyboard; sourceTree = "<group>"; };
		F870EC421F3280DB00D36C89 /* Assets.xcassets */ = {isa = PBXFileReference; lastKnownFileType = folder.assetcatalog; path = Assets.xcassets; sourceTree = "<group>"; };
		F870EC471F3280DB00D36C89 /* Info.plist */ = {isa = PBXFileReference; lastKnownFileType = text.plist.xml; path = Info.plist; sourceTree = "<group>"; };
		F870EC611F32D57F00D36C89 /* ClockView.swift */ = {isa = PBXFileReference; lastKnownFileType = sourcecode.swift; path = ClockView.swift; sourceTree = "<group>"; };
		F870EC631F33E23A00D36C89 /* StyleKit_Clock.swift */ = {isa = PBXFileReference; fileEncoding = 4; lastKnownFileType = sourcecode.swift; path = StyleKit_Clock.swift; sourceTree = "<group>"; };
		F87C8FC4200474440052A58F /* DateHelper.swift */ = {isa = PBXFileReference; lastKnownFileType = sourcecode.swift; path = DateHelper.swift; sourceTree = "<group>"; };
		F896216120084C1900CB830E /* StateDiagram.swift */ = {isa = PBXFileReference; lastKnownFileType = sourcecode.swift; path = StateDiagram.swift; sourceTree = "<group>"; };
		F896216320084C5900CB830E /* StyleKit_ConsensusGraph.swift */ = {isa = PBXFileReference; fileEncoding = 4; lastKnownFileType = sourcecode.swift; path = StyleKit_ConsensusGraph.swift; sourceTree = "<group>"; };
		F8A33E3F205F1501005184CE /* Tests.xctest */ = {isa = PBXFileReference; explicitFileType = wrapper.cfbundle; includeInIndex = 0; path = Tests.xctest; sourceTree = BUILT_PRODUCTS_DIR; };
		F8A33E41205F1501005184CE /* Tests.swift */ = {isa = PBXFileReference; lastKnownFileType = sourcecode.swift; path = Tests.swift; sourceTree = "<group>"; };
		F8A33E43205F1501005184CE /* Info.plist */ = {isa = PBXFileReference; lastKnownFileType = text.plist.xml; path = Info.plist; sourceTree = "<group>"; };
		F8B574DD20024A82006EFDDB /* Base */ = {isa = PBXFileReference; lastKnownFileType = file.storyboard; name = Base; path = "Base.lproj/Launch Screen.storyboard"; sourceTree = "<group>"; };
/* End PBXFileReference section */

/* Begin PBXFrameworksBuildPhase section */
		F870EC351F3280DB00D36C89 /* Frameworks */ = {
			isa = PBXFrameworksBuildPhase;
			buildActionMask = 2147483647;
			files = (
			);
			runOnlyForDeploymentPostprocessing = 0;
		};
		F8A33E3C205F1501005184CE /* Frameworks */ = {
			isa = PBXFrameworksBuildPhase;
			buildActionMask = 2147483647;
			files = (
			);
			runOnlyForDeploymentPostprocessing = 0;
		};
/* End PBXFrameworksBuildPhase section */

/* Begin PBXGroup section */
		F83735A320024B5700A3F24E /* Other */ = {
			isa = PBXGroup;
			children = (
				F864250020188EC1005AEA54 /* Default-568h@2x.png */,
				F828BB812016B43100C9DF86 /* README.md */,
				F828BB7F2016B41400C9DF86 /* Screen Shot - iPhone X - 2018-01-22 at 15.15.15.png */,
				F8B574DC20024A82006EFDDB /* Launch Screen.storyboard */,
				F870EC421F3280DB00D36C89 /* Assets.xcassets */,
				F870EC471F3280DB00D36C89 /* Info.plist */,
			);
			path = Other;
			sourceTree = "<group>";
		};
		F870EC2F1F3280DB00D36C89 = {
			isa = PBXGroup;
			children = (
				F870EC3A1F3280DB00D36C89 /* clock5 */,
				F8A33E40205F1501005184CE /* Tests */,
				F870EC391F3280DB00D36C89 /* Products */,
			);
			sourceTree = "<group>";
		};
		F870EC391F3280DB00D36C89 /* Products */ = {
			isa = PBXGroup;
			children = (
				F870EC381F3280DB00D36C89 /* clock5.app */,
				F8A33E3F205F1501005184CE /* Tests.xctest */,
			);
			name = Products;
			sourceTree = "<group>";
		};
		F870EC3A1F3280DB00D36C89 /* clock5 */ = {
			isa = PBXGroup;
			children = (
				F870EC3B1F3280DB00D36C89 /* AppDelegate.swift */,
				F87C8FC4200474440052A58F /* DateHelper.swift */,
				F870EC3D1F3280DB00D36C89 /* ClockViewController.swift */,
				F870EC611F32D57F00D36C89 /* ClockView.swift */,
				F896216120084C1900CB830E /* StateDiagram.swift */,
				F83735A82002CFF100A3F24E /* Alert.swift */,
				F870EC631F33E23A00D36C89 /* StyleKit_Clock.swift */,
				F896216320084C5900CB830E /* StyleKit_ConsensusGraph.swift */,
				F870EC3F1F3280DB00D36C89 /* Main.storyboard */,
				F83735A320024B5700A3F24E /* Other */,
			);
			path = clock5;
			sourceTree = "<group>";
		};
		F8A33E40205F1501005184CE /* Tests */ = {
			isa = PBXGroup;
			children = (
				F8A33E41205F1501005184CE /* Tests.swift */,
				F8A33E43205F1501005184CE /* Info.plist */,
			);
			path = Tests;
			sourceTree = "<group>";
		};
/* End PBXGroup section */

/* Begin PBXNativeTarget section */
		F870EC371F3280DB00D36C89 /* clock5 */ = {
			isa = PBXNativeTarget;
			buildConfigurationList = F870EC551F3280DB00D36C89 /* Build configuration list for PBXNativeTarget "clock5" */;
			buildPhases = (
				F870EC341F3280DB00D36C89 /* Sources */,
				F870EC351F3280DB00D36C89 /* Frameworks */,
				F870EC361F3280DB00D36C89 /* Resources */,
			);
			buildRules = (
			);
			dependencies = (
			);
			name = clock5;
			productName = clock4;
			productReference = F870EC381F3280DB00D36C89 /* clock5.app */;
			productType = "com.apple.product-type.application";
		};
		F8A33E3E205F1501005184CE /* Tests */ = {
			isa = PBXNativeTarget;
			buildConfigurationList = F8A33E46205F1501005184CE /* Build configuration list for PBXNativeTarget "Tests" */;
			buildPhases = (
				F8A33E3B205F1501005184CE /* Sources */,
				F8A33E3C205F1501005184CE /* Frameworks */,
				F8A33E3D205F1501005184CE /* Resources */,
			);
			buildRules = (
			);
			dependencies = (
				F8A33E45205F1501005184CE /* PBXTargetDependency */,
			);
			name = Tests;
			productName = Tests;
			productReference = F8A33E3F205F1501005184CE /* Tests.xctest */;
			productType = "com.apple.product-type.bundle.unit-test";
		};
/* End PBXNativeTarget section */

/* Begin PBXProject section */
		F870EC301F3280DB00D36C89 /* Project object */ = {
			isa = PBXProject;
			attributes = {
				LastSwiftUpdateCheck = 0930;
				LastUpgradeCheck = 0930;
				ORGANIZATIONNAME = "Don Sleeter";
				TargetAttributes = {
					F870EC371F3280DB00D36C89 = {
						CreatedOnToolsVersion = 9.0;
					};
					F8A33E3E205F1501005184CE = {
						CreatedOnToolsVersion = 9.3;
						ProvisioningStyle = Automatic;
						TestTargetID = F870EC371F3280DB00D36C89;
					};
				};
			};
			buildConfigurationList = F870EC331F3280DB00D36C89 /* Build configuration list for PBXProject "clock5" */;
			compatibilityVersion = "Xcode 8.0";
			developmentRegion = en;
			hasScannedForEncodings = 0;
			knownRegions = (
				en,
				Base,
			);
			mainGroup = F870EC2F1F3280DB00D36C89;
			productRefGroup = F870EC391F3280DB00D36C89 /* Products */;
			projectDirPath = "";
			projectRoot = "";
			targets = (
				F870EC371F3280DB00D36C89 /* clock5 */,
				F8A33E3E205F1501005184CE /* Tests */,
			);
		};
/* End PBXProject section */

/* Begin PBXResourcesBuildPhase section */
		F870EC361F3280DB00D36C89 /* Resources */ = {
			isa = PBXResourcesBuildPhase;
			buildActionMask = 2147483647;
			files = (
				F8B574DE20024A82006EFDDB /* Launch Screen.storyboard in Resources */,
				F864250120188EC1005AEA54 /* Default-568h@2x.png in Resources */,
				F870EC431F3280DB00D36C89 /* Assets.xcassets in Resources */,
				F870EC411F3280DB00D36C89 /* Main.storyboard in Resources */,
			);
			runOnlyForDeploymentPostprocessing = 0;
		};
		F8A33E3D205F1501005184CE /* Resources */ = {
			isa = PBXResourcesBuildPhase;
			buildActionMask = 2147483647;
			files = (
			);
			runOnlyForDeploymentPostprocessing = 0;
		};
/* End PBXResourcesBuildPhase section */

/* Begin PBXSourcesBuildPhase section */
		F870EC341F3280DB00D36C89 /* Sources */ = {
			isa = PBXSourcesBuildPhase;
			buildActionMask = 2147483647;
			files = (
				F896216220084C1900CB830E /* StateDiagram.swift in Sources */,
				F870EC621F32D57F00D36C89 /* ClockView.swift in Sources */,
				F870EC3E1F3280DB00D36C89 /* ClockViewController.swift in Sources */,
				F896216420084C5900CB830E /* StyleKit_ConsensusGraph.swift in Sources */,
				F870EC3C1F3280DB00D36C89 /* AppDelegate.swift in Sources */,
				F87C8FC5200474440052A58F /* DateHelper.swift in Sources */,
				F83735A92002CFF100A3F24E /* Alert.swift in Sources */,
				F870EC641F33E23A00D36C89 /* StyleKit_Clock.swift in Sources */,
			);
			runOnlyForDeploymentPostprocessing = 0;
		};
		F8A33E3B205F1501005184CE /* Sources */ = {
			isa = PBXSourcesBuildPhase;
			buildActionMask = 2147483647;
			files = (
				F8A33E42205F1501005184CE /* Tests.swift in Sources */,
			);
			runOnlyForDeploymentPostprocessing = 0;
		};
/* End PBXSourcesBuildPhase section */

/* Begin PBXTargetDependency section */
		F8A33E45205F1501005184CE /* PBXTargetDependency */ = {
			isa = PBXTargetDependency;
			target = F870EC371F3280DB00D36C89 /* clock5 */;
			targetProxy = F8A33E44205F1501005184CE /* PBXContainerItemProxy */;
		};
/* End PBXTargetDependency section */

/* Begin PBXVariantGroup section */
		F870EC3F1F3280DB00D36C89 /* Main.storyboard */ = {
			isa = PBXVariantGroup;
			children = (
				F870EC401F3280DB00D36C89 /* Base */,
			);
			name = Main.storyboard;
			sourceTree = "<group>";
		};
		F8B574DC20024A82006EFDDB /* Launch Screen.storyboard */ = {
			isa = PBXVariantGroup;
			children = (
				F8B574DD20024A82006EFDDB /* Base */,
			);
			name = "Launch Screen.storyboard";
			sourceTree = "<group>";
		};
/* End PBXVariantGroup section */

/* Begin XCBuildConfiguration section */
		F870EC531F3280DB00D36C89 /* Debug */ = {
			isa = XCBuildConfiguration;
			buildSettings = {
				ALWAYS_SEARCH_USER_PATHS = NO;
				CLANG_ANALYZER_NONNULL = YES;
				CLANG_ANALYZER_NUMBER_OBJECT_CONVERSION = YES_AGGRESSIVE;
				CLANG_CXX_LANGUAGE_STANDARD = "gnu++14";
				CLANG_CXX_LIBRARY = "libc++";
				CLANG_ENABLE_MODULES = YES;
				CLANG_ENABLE_OBJC_ARC = YES;
				CLANG_WARN_BLOCK_CAPTURE_AUTORELEASING = YES;
				CLANG_WARN_BOOL_CONVERSION = YES;
				CLANG_WARN_COMMA = YES;
				CLANG_WARN_CONSTANT_CONVERSION = YES;
				CLANG_WARN_DEPRECATED_OBJC_IMPLEMENTATIONS = YES;
				CLANG_WARN_DIRECT_OBJC_ISA_USAGE = YES_ERROR;
				CLANG_WARN_DOCUMENTATION_COMMENTS = YES;
				CLANG_WARN_EMPTY_BODY = YES;
				CLANG_WARN_ENUM_CONVERSION = YES;
				CLANG_WARN_INFINITE_RECURSION = YES;
				CLANG_WARN_INT_CONVERSION = YES;
				CLANG_WARN_NON_LITERAL_NULL_CONVERSION = YES;
				CLANG_WARN_OBJC_IMPLICIT_RETAIN_SELF = YES;
				CLANG_WARN_OBJC_LITERAL_CONVERSION = YES;
				CLANG_WARN_OBJC_ROOT_CLASS = YES_ERROR;
				CLANG_WARN_RANGE_LOOP_ANALYSIS = YES;
				CLANG_WARN_STRICT_PROTOTYPES = YES;
				CLANG_WARN_SUSPICIOUS_MOVE = YES;
				CLANG_WARN_UNGUARDED_AVAILABILITY = YES_AGGRESSIVE;
				CLANG_WARN_UNREACHABLE_CODE = YES;
				CLANG_WARN__DUPLICATE_METHOD_MATCH = YES;
				CODE_SIGN_IDENTITY = "iPhone Developer";
				COPY_PHASE_STRIP = NO;
				DEBUG_INFORMATION_FORMAT = dwarf;
				ENABLE_STRICT_OBJC_MSGSEND = YES;
				ENABLE_TESTABILITY = YES;
				GCC_C_LANGUAGE_STANDARD = gnu11;
				GCC_DYNAMIC_NO_PIC = NO;
				GCC_NO_COMMON_BLOCKS = YES;
				GCC_OPTIMIZATION_LEVEL = 0;
				GCC_PREPROCESSOR_DEFINITIONS = (
					"DEBUG=1",
					"$(inherited)",
				);
				GCC_WARN_64_TO_32_BIT_CONVERSION = YES;
				GCC_WARN_ABOUT_RETURN_TYPE = YES_ERROR;
				GCC_WARN_UNDECLARED_SELECTOR = YES;
				GCC_WARN_UNINITIALIZED_AUTOS = YES_AGGRESSIVE;
				GCC_WARN_UNUSED_FUNCTION = YES;
				GCC_WARN_UNUSED_VARIABLE = YES;
				IPHONEOS_DEPLOYMENT_TARGET = 11.0;
				MTL_ENABLE_DEBUG_INFO = YES;
				ONLY_ACTIVE_ARCH = YES;
				PRODUCT_BUNDLE_IDENTIFIER = stonecanyon.clock5;
				SDKROOT = iphoneos;
				SWIFT_ACTIVE_COMPILATION_CONDITIONS = DEBUG;
				SWIFT_OPTIMIZATION_LEVEL = "-Onone";
			};
			name = Debug;
		};
		F870EC541F3280DB00D36C89 /* Release */ = {
			isa = XCBuildConfiguration;
			buildSettings = {
				ALWAYS_SEARCH_USER_PATHS = NO;
				CLANG_ANALYZER_NONNULL = YES;
				CLANG_ANALYZER_NUMBER_OBJECT_CONVERSION = YES_AGGRESSIVE;
				CLANG_CXX_LANGUAGE_STANDARD = "gnu++14";
				CLANG_CXX_LIBRARY = "libc++";
				CLANG_ENABLE_MODULES = YES;
				CLANG_ENABLE_OBJC_ARC = YES;
				CLANG_WARN_BLOCK_CAPTURE_AUTORELEASING = YES;
				CLANG_WARN_BOOL_CONVERSION = YES;
				CLANG_WARN_COMMA = YES;
				CLANG_WARN_CONSTANT_CONVERSION = YES;
				CLANG_WARN_DEPRECATED_OBJC_IMPLEMENTATIONS = YES;
				CLANG_WARN_DIRECT_OBJC_ISA_USAGE = YES_ERROR;
				CLANG_WARN_DOCUMENTATION_COMMENTS = YES;
				CLANG_WARN_EMPTY_BODY = YES;
				CLANG_WARN_ENUM_CONVERSION = YES;
				CLANG_WARN_INFINITE_RECURSION = YES;
				CLANG_WARN_INT_CONVERSION = YES;
				CLANG_WARN_NON_LITERAL_NULL_CONVERSION = YES;
				CLANG_WARN_OBJC_IMPLICIT_RETAIN_SELF = YES;
				CLANG_WARN_OBJC_LITERAL_CONVERSION = YES;
				CLANG_WARN_OBJC_ROOT_CLASS = YES_ERROR;
				CLANG_WARN_RANGE_LOOP_ANALYSIS = YES;
				CLANG_WARN_STRICT_PROTOTYPES = YES;
				CLANG_WARN_SUSPICIOUS_MOVE = YES;
				CLANG_WARN_UNGUARDED_AVAILABILITY = YES_AGGRESSIVE;
				CLANG_WARN_UNREACHABLE_CODE = YES;
				CLANG_WARN__DUPLICATE_METHOD_MATCH = YES;
				CODE_SIGN_IDENTITY = "iPhone Developer";
				COPY_PHASE_STRIP = NO;
				DEBUG_INFORMATION_FORMAT = "dwarf-with-dsym";
				ENABLE_NS_ASSERTIONS = NO;
				ENABLE_STRICT_OBJC_MSGSEND = YES;
				GCC_C_LANGUAGE_STANDARD = gnu11;
				GCC_NO_COMMON_BLOCKS = YES;
				GCC_WARN_64_TO_32_BIT_CONVERSION = YES;
				GCC_WARN_ABOUT_RETURN_TYPE = YES_ERROR;
				GCC_WARN_UNDECLARED_SELECTOR = YES;
				GCC_WARN_UNINITIALIZED_AUTOS = YES_AGGRESSIVE;
				GCC_WARN_UNUSED_FUNCTION = YES;
				GCC_WARN_UNUSED_VARIABLE = YES;
				IPHONEOS_DEPLOYMENT_TARGET = 11.0;
				MTL_ENABLE_DEBUG_INFO = NO;
				PRODUCT_BUNDLE_IDENTIFIER = stonecanyon.clock5;
				SDKROOT = iphoneos;
				SWIFT_OPTIMIZATION_LEVEL = "-Owholemodule";
				VALIDATE_PRODUCT = YES;
			};
			name = Release;
		};
		F870EC561F3280DB00D36C89 /* Debug */ = {
			isa = XCBuildConfiguration;
			buildSettings = {
				ASSETCATALOG_COMPILER_APPICON_NAME = AppIcon;
				DEVELOPMENT_TEAM = 96J2PPD4HG;
				INFOPLIST_FILE = "$(SRCROOT)/clock5/Other/Info.plist";
				LD_RUNPATH_SEARCH_PATHS = "$(inherited) @executable_path/Frameworks";
				PRODUCT_BUNDLE_IDENTIFIER = stonecanyon.clock5;
				PRODUCT_NAME = "$(TARGET_NAME)";
				SWIFT_VERSION = 4.0;
				TARGETED_DEVICE_FAMILY = "1,2";
			};
			name = Debug;
		};
		F870EC571F3280DB00D36C89 /* Release */ = {
			isa = XCBuildConfiguration;
			buildSettings = {
				ASSETCATALOG_COMPILER_APPICON_NAME = AppIcon;
				DEVELOPMENT_TEAM = 96J2PPD4HG;
				INFOPLIST_FILE = "$(SRCROOT)/clock5/Other/Info.plist";
				LD_RUNPATH_SEARCH_PATHS = "$(inherited) @executable_path/Frameworks";
				PRODUCT_BUNDLE_IDENTIFIER = stonecanyon.clock5;
				PRODUCT_NAME = "$(TARGET_NAME)";
				SWIFT_VERSION = 4.0;
				TARGETED_DEVICE_FAMILY = "1,2";
			};
			name = Release;
		};
		F8A33E47205F1501005184CE /* Debug */ = {
			isa = XCBuildConfiguration;
			buildSettings = {
				BUNDLE_LOADER = "$(TEST_HOST)";
				CLANG_ENABLE_OBJC_WEAK = YES;
				CODE_SIGN_STYLE = Automatic;
				DEVELOPMENT_TEAM = 96J2PPD4HG;
				INFOPLIST_FILE = Tests/Info.plist;
				IPHONEOS_DEPLOYMENT_TARGET = 11.3;
				LD_RUNPATH_SEARCH_PATHS = "$(inherited) @executable_path/Frameworks @loader_path/Frameworks";
				PRODUCT_BUNDLE_IDENTIFIER = stonecanyon.Tests;
				PRODUCT_NAME = "$(TARGET_NAME)";
				SWIFT_VERSION = 4.0;
				TARGETED_DEVICE_FAMILY = "1,2";
				TEST_HOST = "$(BUILT_PRODUCTS_DIR)/clock5.app/clock5";
			};
			name = Debug;
		};
		F8A33E48205F1501005184CE /* Release */ = {
			isa = XCBuildConfiguration;
			buildSettings = {
				BUNDLE_LOADER = "$(TEST_HOST)";
				CLANG_ENABLE_OBJC_WEAK = YES;
				CODE_SIGN_STYLE = Automatic;
				DEVELOPMENT_TEAM = 96J2PPD4HG;
				INFOPLIST_FILE = Tests/Info.plist;
				IPHONEOS_DEPLOYMENT_TARGET = 11.3;
				LD_RUNPATH_SEARCH_PATHS = "$(inherited) @executable_path/Frameworks @loader_path/Frameworks";
				PRODUCT_BUNDLE_IDENTIFIER = stonecanyon.Tests;
				PRODUCT_NAME = "$(TARGET_NAME)";
				SWIFT_VERSION = 4.0;
				TARGETED_DEVICE_FAMILY = "1,2";
				TEST_HOST = "$(BUILT_PRODUCTS_DIR)/clock5.app/clock5";
			};
			name = Release;
		};
/* End XCBuildConfiguration section */

/* Begin XCConfigurationList section */
		F870EC331F3280DB00D36C89 /* Build configuration list for PBXProject "clock5" */ = {
			isa = XCConfigurationList;
			buildConfigurations = (
				F870EC531F3280DB00D36C89 /* Debug */,
				F870EC541F3280DB00D36C89 /* Release */,
			);
			defaultConfigurationIsVisible = 0;
			defaultConfigurationName = Release;
		};
		F870EC551F3280DB00D36C89 /* Build configuration list for PBXNativeTarget "clock5" */ = {
			isa = XCConfigurationList;
			buildConfigurations = (
				F870EC561F3280DB00D36C89 /* Debug */,
				F870EC571F3280DB00D36C89 /* Release */,
			);
			defaultConfigurationIsVisible = 0;
			defaultConfigurationName = Release;
		};
		F8A33E46205F1501005184CE /* Build configuration list for PBXNativeTarget "Tests" */ = {
			isa = XCConfigurationList;
			buildConfigurations = (
				F8A33E47205F1501005184CE /* Debug */,
				F8A33E48205F1501005184CE /* Release */,
			);
			defaultConfigurationIsVisible = 0;
			defaultConfigurationName = Release;
		};
/* End XCConfigurationList section */
	};
	rootObject = F870EC301F3280DB00D36C89 /* Project object */;
}
